{
  "name": "contracts_foundry",
  "lockfileVersion": 3,
  "requires": true,
  "packages": {
    "": {
      "dependencies": {
        "@pythnetwork/entropy-sdk-solidity": "^1.5.0"
      }
    },
    "node_modules/@pythnetwork/entropy-sdk-solidity": {
      "version": "1.5.0",
      "resolved": "https://registry.npmjs.org/@pythnetwork/entropy-sdk-solidity/-/entropy-sdk-solidity-1.5.0.tgz",
      "integrity": "sha512-ZZti5BLURe4w0HtCwy2qGJayOtAcWjjfpnUsar6fHZPG2SkC3jfj13m9WBJKLk87T1ZaSpazAdb22pm6MXG8qg=="
    }
  }
}
